PODS:
  - boost (1.76.0)
  - CocoaAsyncSocket (7.6.5)
  - DoubleConversion (1.1.6)
  - FBLazyVector (0.0.0-20220104-2008-d639fe1f3)
  - FBReactNativeSpec (0.0.0-20220104-2008-d639fe1f3):
    - RCT-Folly (= 2021.06.28.00-v2)
    - RCTRequired (= 0.0.0-20220104-2008-d639fe1f3)
    - RCTTypeSafety (= 0.0.0-20220104-2008-d639fe1f3)
    - React-Core (= 0.0.0-20220104-2008-d639fe1f3)
    - React-jsi (= 0.0.0-20220104-2008-d639fe1f3)
    - ReactCommon/turbomodule/core (= 0.0.0-20220104-2008-d639fe1f3)
  - Flipper (0.99.0):
    - Flipper-Folly (~> 2.6)
    - Flipper-RSocket (~> 1.4)
  - Flipper-Boost-iOSX (1.76.0.1.11)
  - Flipper-DoubleConversion (3.1.7)
  - Flipper-Fmt (7.1.7)
  - Flipper-Folly (2.6.7):
    - Flipper-Boost-iOSX
    - Flipper-DoubleConversion
    - Flipper-Fmt (= 7.1.7)
    - Flipper-Glog
    - libevent (~> 2.1.12)
    - OpenSSL-Universal (= 1.1.180)
  - Flipper-Glog (0.3.9)
  - Flipper-PeerTalk (0.0.4)
  - Flipper-RSocket (1.4.3):
    - Flipper-Folly (~> 2.6)
  - FlipperKit (0.99.0):
    - FlipperKit/Core (= 0.99.0)
  - FlipperKit/Core (0.99.0):
    - Flipper (~> 0.99.0)
    - FlipperKit/CppBridge
    - FlipperKit/FBCxxFollyDynamicConvert
    - FlipperKit/FBDefines
    - FlipperKit/FKPortForwarding
  - FlipperKit/CppBridge (0.99.0):
    - Flipper (~> 0.99.0)
  - FlipperKit/FBCxxFollyDynamicConvert (0.99.0):
    - Flipper-Folly (~> 2.6)
  - FlipperKit/FBDefines (0.99.0)
  - FlipperKit/FKPortForwarding (0.99.0):
    - CocoaAsyncSocket (~> 7.6)
    - Flipper-PeerTalk (~> 0.0.4)
  - FlipperKit/FlipperKitHighlightOverlay (0.99.0)
  - FlipperKit/FlipperKitLayoutHelpers (0.99.0):
    - FlipperKit/Core
    - FlipperKit/FlipperKitHighlightOverlay
    - FlipperKit/FlipperKitLayoutTextSearchable
  - FlipperKit/FlipperKitLayoutIOSDescriptors (0.99.0):
    - FlipperKit/Core
    - FlipperKit/FlipperKitHighlightOverlay
    - FlipperKit/FlipperKitLayoutHelpers
    - YogaKit (~> 1.18)
  - FlipperKit/FlipperKitLayoutPlugin (0.99.0):
    - FlipperKit/Core
    - FlipperKit/FlipperKitHighlightOverlay
    - FlipperKit/FlipperKitLayoutHelpers
    - FlipperKit/FlipperKitLayoutIOSDescriptors
    - FlipperKit/FlipperKitLayoutTextSearchable
    - YogaKit (~> 1.18)
  - FlipperKit/FlipperKitLayoutTextSearchable (0.99.0)
  - FlipperKit/FlipperKitNetworkPlugin (0.99.0):
    - FlipperKit/Core
  - FlipperKit/FlipperKitReactPlugin (0.99.0):
    - FlipperKit/Core
  - FlipperKit/FlipperKitUserDefaultsPlugin (0.99.0):
    - FlipperKit/Core
  - FlipperKit/SKIOSNetworkPlugin (0.99.0):
    - FlipperKit/Core
    - FlipperKit/FlipperKitNetworkPlugin
  - fmt (6.2.1)
  - glog (0.3.5)
  - libevent (2.1.12)
  - OpenSSL-Universal (1.1.180)
  - RCT-Folly (2021.06.28.00-v2):
    - boost
    - DoubleConversion
    - fmt (~> 6.2.1)
    - glog
    - RCT-Folly/Default (= 2021.06.28.00-v2)
  - RCT-Folly/Default (2021.06.28.00-v2):
    - boost
    - DoubleConversion
    - fmt (~> 6.2.1)
    - glog
  - RCTRequired (0.0.0-20220104-2008-d639fe1f3)
  - RCTTypeSafety (0.0.0-20220104-2008-d639fe1f3):
    - FBLazyVector (= 0.0.0-20220104-2008-d639fe1f3)
    - RCT-Folly (= 2021.06.28.00-v2)
    - RCTRequired (= 0.0.0-20220104-2008-d639fe1f3)
    - React-Core (= 0.0.0-20220104-2008-d639fe1f3)
  - React (0.0.0-20220104-2008-d639fe1f3):
    - React-Core (= 0.0.0-20220104-2008-d639fe1f3)
    - React-Core/DevSupport (= 0.0.0-20220104-2008-d639fe1f3)
    - React-Core/RCTWebSocket (= 0.0.0-20220104-2008-d639fe1f3)
    - React-RCTActionSheet (= 0.0.0-20220104-2008-d639fe1f3)
    - React-RCTAnimation (= 0.0.0-20220104-2008-d639fe1f3)
    - React-RCTBlob (= 0.0.0-20220104-2008-d639fe1f3)
    - React-RCTImage (= 0.0.0-20220104-2008-d639fe1f3)
    - React-RCTLinking (= 0.0.0-20220104-2008-d639fe1f3)
    - React-RCTNetwork (= 0.0.0-20220104-2008-d639fe1f3)
    - React-RCTSettings (= 0.0.0-20220104-2008-d639fe1f3)
    - React-RCTText (= 0.0.0-20220104-2008-d639fe1f3)
    - React-RCTVibration (= 0.0.0-20220104-2008-d639fe1f3)
  - React-callinvoker (0.0.0-20220104-2008-d639fe1f3)
  - React-Codegen (0.0.0-20220104-2008-d639fe1f3):
    - FBReactNativeSpec (= 0.0.0-20220104-2008-d639fe1f3)
    - RCT-Folly (= 2021.06.28.00-v2)
    - RCTRequired (= 0.0.0-20220104-2008-d639fe1f3)
    - RCTTypeSafety (= 0.0.0-20220104-2008-d639fe1f3)
    - React-Core (= 0.0.0-20220104-2008-d639fe1f3)
    - React-jsi (= 0.0.0-20220104-2008-d639fe1f3)
    - React-jsiexecutor (= 0.0.0-20220104-2008-d639fe1f3)
    - ReactCommon/turbomodule/core (= 0.0.0-20220104-2008-d639fe1f3)
  - React-Core (0.0.0-20220104-2008-d639fe1f3):
    - glog
    - RCT-Folly (= 2021.06.28.00-v2)
    - React-Core/Default (= 0.0.0-20220104-2008-d639fe1f3)
    - React-cxxreact (= 0.0.0-20220104-2008-d639fe1f3)
    - React-jsi (= 0.0.0-20220104-2008-d639fe1f3)
    - React-jsiexecutor (= 0.0.0-20220104-2008-d639fe1f3)
    - React-perflogger (= 0.0.0-20220104-2008-d639fe1f3)
    - Yoga
  - React-Core/CoreModulesHeaders (0.0.0-20220104-2008-d639fe1f3):
    - glog
    - RCT-Folly (= 2021.06.28.00-v2)
    - React-Core/Default
    - React-cxxreact (= 0.0.0-20220104-2008-d639fe1f3)
    - React-jsi (= 0.0.0-20220104-2008-d639fe1f3)
    - React-jsiexecutor (= 0.0.0-20220104-2008-d639fe1f3)
    - React-perflogger (= 0.0.0-20220104-2008-d639fe1f3)
    - Yoga
  - React-Core/Default (0.0.0-20220104-2008-d639fe1f3):
    - glog
    - RCT-Folly (= 2021.06.28.00-v2)
    - React-cxxreact (= 0.0.0-20220104-2008-d639fe1f3)
    - React-jsi (= 0.0.0-20220104-2008-d639fe1f3)
    - React-jsiexecutor (= 0.0.0-20220104-2008-d639fe1f3)
    - React-perflogger (= 0.0.0-20220104-2008-d639fe1f3)
    - Yoga
  - React-Core/DevSupport (0.0.0-20220104-2008-d639fe1f3):
    - glog
    - RCT-Folly (= 2021.06.28.00-v2)
    - React-Core/Default (= 0.0.0-20220104-2008-d639fe1f3)
    - React-Core/RCTWebSocket (= 0.0.0-20220104-2008-d639fe1f3)
    - React-cxxreact (= 0.0.0-20220104-2008-d639fe1f3)
    - React-jsi (= 0.0.0-20220104-2008-d639fe1f3)
    - React-jsiexecutor (= 0.0.0-20220104-2008-d639fe1f3)
    - React-jsinspector (= 0.0.0-20220104-2008-d639fe1f3)
    - React-perflogger (= 0.0.0-20220104-2008-d639fe1f3)
    - Yoga
  - React-Core/RCTActionSheetHeaders (0.0.0-20220104-2008-d639fe1f3):
    - glog
    - RCT-Folly (= 2021.06.28.00-v2)
    - React-Core/Default
    - React-cxxreact (= 0.0.0-20220104-2008-d639fe1f3)
    - React-jsi (= 0.0.0-20220104-2008-d639fe1f3)
    - React-jsiexecutor (= 0.0.0-20220104-2008-d639fe1f3)
    - React-perflogger (= 0.0.0-20220104-2008-d639fe1f3)
    - Yoga
  - React-Core/RCTAnimationHeaders (0.0.0-20220104-2008-d639fe1f3):
    - glog
    - RCT-Folly (= 2021.06.28.00-v2)
    - React-Core/Default
    - React-cxxreact (= 0.0.0-20220104-2008-d639fe1f3)
    - React-jsi (= 0.0.0-20220104-2008-d639fe1f3)
    - React-jsiexecutor (= 0.0.0-20220104-2008-d639fe1f3)
    - React-perflogger (= 0.0.0-20220104-2008-d639fe1f3)
    - Yoga
  - React-Core/RCTBlobHeaders (0.0.0-20220104-2008-d639fe1f3):
    - glog
    - RCT-Folly (= 2021.06.28.00-v2)
    - React-Core/Default
    - React-cxxreact (= 0.0.0-20220104-2008-d639fe1f3)
    - React-jsi (= 0.0.0-20220104-2008-d639fe1f3)
    - React-jsiexecutor (= 0.0.0-20220104-2008-d639fe1f3)
    - React-perflogger (= 0.0.0-20220104-2008-d639fe1f3)
    - Yoga
  - React-Core/RCTImageHeaders (0.0.0-20220104-2008-d639fe1f3):
    - glog
    - RCT-Folly (= 2021.06.28.00-v2)
    - React-Core/Default
    - React-cxxreact (= 0.0.0-20220104-2008-d639fe1f3)
    - React-jsi (= 0.0.0-20220104-2008-d639fe1f3)
    - React-jsiexecutor (= 0.0.0-20220104-2008-d639fe1f3)
    - React-perflogger (= 0.0.0-20220104-2008-d639fe1f3)
    - Yoga
  - React-Core/RCTLinkingHeaders (0.0.0-20220104-2008-d639fe1f3):
    - glog
    - RCT-Folly (= 2021.06.28.00-v2)
    - React-Core/Default
    - React-cxxreact (= 0.0.0-20220104-2008-d639fe1f3)
    - React-jsi (= 0.0.0-20220104-2008-d639fe1f3)
    - React-jsiexecutor (= 0.0.0-20220104-2008-d639fe1f3)
    - React-perflogger (= 0.0.0-20220104-2008-d639fe1f3)
    - Yoga
  - React-Core/RCTNetworkHeaders (0.0.0-20220104-2008-d639fe1f3):
    - glog
    - RCT-Folly (= 2021.06.28.00-v2)
    - React-Core/Default
    - React-cxxreact (= 0.0.0-20220104-2008-d639fe1f3)
    - React-jsi (= 0.0.0-20220104-2008-d639fe1f3)
    - React-jsiexecutor (= 0.0.0-20220104-2008-d639fe1f3)
    - React-perflogger (= 0.0.0-20220104-2008-d639fe1f3)
    - Yoga
  - React-Core/RCTSettingsHeaders (0.0.0-20220104-2008-d639fe1f3):
    - glog
    - RCT-Folly (= 2021.06.28.00-v2)
    - React-Core/Default
    - React-cxxreact (= 0.0.0-20220104-2008-d639fe1f3)
    - React-jsi (= 0.0.0-20220104-2008-d639fe1f3)
    - React-jsiexecutor (= 0.0.0-20220104-2008-d639fe1f3)
    - React-perflogger (= 0.0.0-20220104-2008-d639fe1f3)
    - Yoga
  - React-Core/RCTTextHeaders (0.0.0-20220104-2008-d639fe1f3):
    - glog
    - RCT-Folly (= 2021.06.28.00-v2)
    - React-Core/Default
    - React-cxxreact (= 0.0.0-20220104-2008-d639fe1f3)
    - React-jsi (= 0.0.0-20220104-2008-d639fe1f3)
    - React-jsiexecutor (= 0.0.0-20220104-2008-d639fe1f3)
    - React-perflogger (= 0.0.0-20220104-2008-d639fe1f3)
    - Yoga
  - React-Core/RCTVibrationHeaders (0.0.0-20220104-2008-d639fe1f3):
    - glog
    - RCT-Folly (= 2021.06.28.00-v2)
    - React-Core/Default
    - React-cxxreact (= 0.0.0-20220104-2008-d639fe1f3)
    - React-jsi (= 0.0.0-20220104-2008-d639fe1f3)
    - React-jsiexecutor (= 0.0.0-20220104-2008-d639fe1f3)
    - React-perflogger (= 0.0.0-20220104-2008-d639fe1f3)
    - Yoga
  - React-Core/RCTWebSocket (0.0.0-20220104-2008-d639fe1f3):
    - glog
    - RCT-Folly (= 2021.06.28.00-v2)
    - React-Core/Default (= 0.0.0-20220104-2008-d639fe1f3)
    - React-cxxreact (= 0.0.0-20220104-2008-d639fe1f3)
    - React-jsi (= 0.0.0-20220104-2008-d639fe1f3)
    - React-jsiexecutor (= 0.0.0-20220104-2008-d639fe1f3)
    - React-perflogger (= 0.0.0-20220104-2008-d639fe1f3)
    - Yoga
  - React-CoreModules (0.0.0-20220104-2008-d639fe1f3):
    - RCT-Folly (= 2021.06.28.00-v2)
    - RCTTypeSafety (= 0.0.0-20220104-2008-d639fe1f3)
    - React-Codegen (= 0.0.0-20220104-2008-d639fe1f3)
    - React-Core/CoreModulesHeaders (= 0.0.0-20220104-2008-d639fe1f3)
    - React-jsi (= 0.0.0-20220104-2008-d639fe1f3)
    - React-RCTImage (= 0.0.0-20220104-2008-d639fe1f3)
    - ReactCommon/turbomodule/core (= 0.0.0-20220104-2008-d639fe1f3)
  - React-cxxreact (0.0.0-20220104-2008-d639fe1f3):
    - boost (= 1.76.0)
    - DoubleConversion
    - glog
    - RCT-Folly (= 2021.06.28.00-v2)
    - React-callinvoker (= 0.0.0-20220104-2008-d639fe1f3)
    - React-jsi (= 0.0.0-20220104-2008-d639fe1f3)
    - React-jsinspector (= 0.0.0-20220104-2008-d639fe1f3)
    - React-logger (= 0.0.0-20220104-2008-d639fe1f3)
    - React-perflogger (= 0.0.0-20220104-2008-d639fe1f3)
    - React-runtimeexecutor (= 0.0.0-20220104-2008-d639fe1f3)
  - React-jsi (0.0.0-20220104-2008-d639fe1f3):
    - boost (= 1.76.0)
    - DoubleConversion
    - glog
    - RCT-Folly (= 2021.06.28.00-v2)
    - React-jsi/Default (= 0.0.0-20220104-2008-d639fe1f3)
  - React-jsi/Default (0.0.0-20220104-2008-d639fe1f3):
    - boost (= 1.76.0)
    - DoubleConversion
    - glog
    - RCT-Folly (= 2021.06.28.00-v2)
  - React-jsiexecutor (0.0.0-20220104-2008-d639fe1f3):
    - DoubleConversion
    - glog
    - RCT-Folly (= 2021.06.28.00-v2)
    - React-cxxreact (= 0.0.0-20220104-2008-d639fe1f3)
    - React-jsi (= 0.0.0-20220104-2008-d639fe1f3)
    - React-perflogger (= 0.0.0-20220104-2008-d639fe1f3)
  - React-jsinspector (0.0.0-20220104-2008-d639fe1f3)
  - React-logger (0.0.0-20220104-2008-d639fe1f3):
    - glog
  - React-perflogger (0.0.0-20220104-2008-d639fe1f3)
  - React-RCTActionSheet (0.0.0-20220104-2008-d639fe1f3):
    - React-Core/RCTActionSheetHeaders (= 0.0.0-20220104-2008-d639fe1f3)
  - React-RCTAnimation (0.0.0-20220104-2008-d639fe1f3):
    - RCT-Folly (= 2021.06.28.00-v2)
    - RCTTypeSafety (= 0.0.0-20220104-2008-d639fe1f3)
    - React-Codegen (= 0.0.0-20220104-2008-d639fe1f3)
    - React-Core/RCTAnimationHeaders (= 0.0.0-20220104-2008-d639fe1f3)
    - React-jsi (= 0.0.0-20220104-2008-d639fe1f3)
    - ReactCommon/turbomodule/core (= 0.0.0-20220104-2008-d639fe1f3)
  - React-RCTBlob (0.0.0-20220104-2008-d639fe1f3):
    - RCT-Folly (= 2021.06.28.00-v2)
    - React-Codegen (= 0.0.0-20220104-2008-d639fe1f3)
    - React-Core/RCTBlobHeaders (= 0.0.0-20220104-2008-d639fe1f3)
    - React-Core/RCTWebSocket (= 0.0.0-20220104-2008-d639fe1f3)
    - React-jsi (= 0.0.0-20220104-2008-d639fe1f3)
    - React-RCTNetwork (= 0.0.0-20220104-2008-d639fe1f3)
    - ReactCommon/turbomodule/core (= 0.0.0-20220104-2008-d639fe1f3)
  - React-RCTImage (0.0.0-20220104-2008-d639fe1f3):
    - RCT-Folly (= 2021.06.28.00-v2)
    - RCTTypeSafety (= 0.0.0-20220104-2008-d639fe1f3)
    - React-Codegen (= 0.0.0-20220104-2008-d639fe1f3)
    - React-Core/RCTImageHeaders (= 0.0.0-20220104-2008-d639fe1f3)
    - React-jsi (= 0.0.0-20220104-2008-d639fe1f3)
    - React-RCTNetwork (= 0.0.0-20220104-2008-d639fe1f3)
    - ReactCommon/turbomodule/core (= 0.0.0-20220104-2008-d639fe1f3)
  - React-RCTLinking (0.0.0-20220104-2008-d639fe1f3):
    - React-Codegen (= 0.0.0-20220104-2008-d639fe1f3)
    - React-Core/RCTLinkingHeaders (= 0.0.0-20220104-2008-d639fe1f3)
    - React-jsi (= 0.0.0-20220104-2008-d639fe1f3)
    - ReactCommon/turbomodule/core (= 0.0.0-20220104-2008-d639fe1f3)
  - React-RCTNetwork (0.0.0-20220104-2008-d639fe1f3):
    - RCT-Folly (= 2021.06.28.00-v2)
    - RCTTypeSafety (= 0.0.0-20220104-2008-d639fe1f3)
    - React-Codegen (= 0.0.0-20220104-2008-d639fe1f3)
    - React-Core/RCTNetworkHeaders (= 0.0.0-20220104-2008-d639fe1f3)
    - React-jsi (= 0.0.0-20220104-2008-d639fe1f3)
    - ReactCommon/turbomodule/core (= 0.0.0-20220104-2008-d639fe1f3)
  - React-RCTSettings (0.0.0-20220104-2008-d639fe1f3):
    - RCT-Folly (= 2021.06.28.00-v2)
    - RCTTypeSafety (= 0.0.0-20220104-2008-d639fe1f3)
    - React-Codegen (= 0.0.0-20220104-2008-d639fe1f3)
    - React-Core/RCTSettingsHeaders (= 0.0.0-20220104-2008-d639fe1f3)
    - React-jsi (= 0.0.0-20220104-2008-d639fe1f3)
    - ReactCommon/turbomodule/core (= 0.0.0-20220104-2008-d639fe1f3)
  - React-RCTText (0.0.0-20220104-2008-d639fe1f3):
    - React-Core/RCTTextHeaders (= 0.0.0-20220104-2008-d639fe1f3)
  - React-RCTVibration (0.0.0-20220104-2008-d639fe1f3):
    - RCT-Folly (= 2021.06.28.00-v2)
    - React-Codegen (= 0.0.0-20220104-2008-d639fe1f3)
    - React-Core/RCTVibrationHeaders (= 0.0.0-20220104-2008-d639fe1f3)
    - React-jsi (= 0.0.0-20220104-2008-d639fe1f3)
    - ReactCommon/turbomodule/core (= 0.0.0-20220104-2008-d639fe1f3)
  - React-runtimeexecutor (0.0.0-20220104-2008-d639fe1f3):
    - React-jsi (= 0.0.0-20220104-2008-d639fe1f3)
  - ReactCommon/turbomodule/core (0.0.0-20220104-2008-d639fe1f3):
    - DoubleConversion
    - glog
    - RCT-Folly (= 2021.06.28.00-v2)
    - React-callinvoker (= 0.0.0-20220104-2008-d639fe1f3)
    - React-Core (= 0.0.0-20220104-2008-d639fe1f3)
    - React-cxxreact (= 0.0.0-20220104-2008-d639fe1f3)
    - React-jsi (= 0.0.0-20220104-2008-d639fe1f3)
    - React-logger (= 0.0.0-20220104-2008-d639fe1f3)
    - React-perflogger (= 0.0.0-20220104-2008-d639fe1f3)
  - Yoga (1.14.0)
  - YogaKit (1.18.1):
    - Yoga (~> 1.14)

DEPENDENCIES:
  - boost (from `../node_modules/react-native/third-party-podspecs/boost.podspec`)
  - DoubleConversion (from `../node_modules/react-native/third-party-podspecs/DoubleConversion.podspec`)
  - FBLazyVector (from `../node_modules/react-native/Libraries/FBLazyVector`)
  - FBReactNativeSpec (from `../node_modules/react-native/React/FBReactNativeSpec`)
  - Flipper (= 0.99.0)
  - Flipper-Boost-iOSX (= 1.76.0.1.11)
  - Flipper-DoubleConversion (= 3.1.7)
  - Flipper-Fmt (= 7.1.7)
  - Flipper-Folly (= 2.6.7)
  - Flipper-Glog (= 0.3.9)
  - Flipper-PeerTalk (= 0.0.4)
  - Flipper-RSocket (= 1.4.3)
  - FlipperKit (= 0.99.0)
  - FlipperKit/Core (= 0.99.0)
  - FlipperKit/CppBridge (= 0.99.0)
  - FlipperKit/FBCxxFollyDynamicConvert (= 0.99.0)
  - FlipperKit/FBDefines (= 0.99.0)
  - FlipperKit/FKPortForwarding (= 0.99.0)
  - FlipperKit/FlipperKitHighlightOverlay (= 0.99.0)
  - FlipperKit/FlipperKitLayoutPlugin (= 0.99.0)
  - FlipperKit/FlipperKitLayoutTextSearchable (= 0.99.0)
  - FlipperKit/FlipperKitNetworkPlugin (= 0.99.0)
  - FlipperKit/FlipperKitReactPlugin (= 0.99.0)
  - FlipperKit/FlipperKitUserDefaultsPlugin (= 0.99.0)
  - FlipperKit/SKIOSNetworkPlugin (= 0.99.0)
  - glog (from `../node_modules/react-native/third-party-podspecs/glog.podspec`)
  - OpenSSL-Universal (= 1.1.180)
  - RCT-Folly (from `../node_modules/react-native/third-party-podspecs/RCT-Folly.podspec`)
  - RCTRequired (from `../node_modules/react-native/Libraries/RCTRequired`)
  - RCTTypeSafety (from `../node_modules/react-native/Libraries/TypeSafety`)
  - React (from `../node_modules/react-native/`)
  - React-callinvoker (from `../node_modules/react-native/ReactCommon/callinvoker`)
  - React-Codegen (from `build/generated/ios`)
  - React-Core (from `../node_modules/react-native/`)
  - React-Core/DevSupport (from `../node_modules/react-native/`)
  - React-Core/RCTWebSocket (from `../node_modules/react-native/`)
  - React-CoreModules (from `../node_modules/react-native/React/CoreModules`)
  - React-cxxreact (from `../node_modules/react-native/ReactCommon/cxxreact`)
  - React-jsi (from `../node_modules/react-native/ReactCommon/jsi`)
  - React-jsiexecutor (from `../node_modules/react-native/ReactCommon/jsiexecutor`)
  - React-jsinspector (from `../node_modules/react-native/ReactCommon/jsinspector`)
  - React-logger (from `../node_modules/react-native/ReactCommon/logger`)
  - React-perflogger (from `../node_modules/react-native/ReactCommon/reactperflogger`)
  - React-RCTActionSheet (from `../node_modules/react-native/Libraries/ActionSheetIOS`)
  - React-RCTAnimation (from `../node_modules/react-native/Libraries/NativeAnimation`)
  - React-RCTBlob (from `../node_modules/react-native/Libraries/Blob`)
  - React-RCTImage (from `../node_modules/react-native/Libraries/Image`)
  - React-RCTLinking (from `../node_modules/react-native/Libraries/LinkingIOS`)
  - React-RCTNetwork (from `../node_modules/react-native/Libraries/Network`)
  - React-RCTSettings (from `../node_modules/react-native/Libraries/Settings`)
  - React-RCTText (from `../node_modules/react-native/Libraries/Text`)
  - React-RCTVibration (from `../node_modules/react-native/Libraries/Vibration`)
  - React-runtimeexecutor (from `../node_modules/react-native/ReactCommon/runtimeexecutor`)
  - ReactCommon/turbomodule/core (from `../node_modules/react-native/ReactCommon`)
  - Yoga (from `../node_modules/react-native/ReactCommon/yoga`)

SPEC REPOS:
  trunk:
    - CocoaAsyncSocket
    - Flipper
    - Flipper-Boost-iOSX
    - Flipper-DoubleConversion
    - Flipper-Fmt
    - Flipper-Folly
    - Flipper-Glog
    - Flipper-PeerTalk
    - Flipper-RSocket
    - FlipperKit
    - fmt
    - libevent
    - OpenSSL-Universal
    - YogaKit

EXTERNAL SOURCES:
  boost:
    :podspec: "../node_modules/react-native/third-party-podspecs/boost.podspec"
  DoubleConversion:
    :podspec: "../node_modules/react-native/third-party-podspecs/DoubleConversion.podspec"
  FBLazyVector:
    :path: "../node_modules/react-native/Libraries/FBLazyVector"
  FBReactNativeSpec:
    :path: "../node_modules/react-native/React/FBReactNativeSpec"
  glog:
    :podspec: "../node_modules/react-native/third-party-podspecs/glog.podspec"
  RCT-Folly:
    :podspec: "../node_modules/react-native/third-party-podspecs/RCT-Folly.podspec"
  RCTRequired:
    :path: "../node_modules/react-native/Libraries/RCTRequired"
  RCTTypeSafety:
    :path: "../node_modules/react-native/Libraries/TypeSafety"
  React:
    :path: "../node_modules/react-native/"
  React-callinvoker:
    :path: "../node_modules/react-native/ReactCommon/callinvoker"
  React-Codegen:
    :path: build/generated/ios
  React-Core:
    :path: "../node_modules/react-native/"
  React-CoreModules:
    :path: "../node_modules/react-native/React/CoreModules"
  React-cxxreact:
    :path: "../node_modules/react-native/ReactCommon/cxxreact"
  React-jsi:
    :path: "../node_modules/react-native/ReactCommon/jsi"
  React-jsiexecutor:
    :path: "../node_modules/react-native/ReactCommon/jsiexecutor"
  React-jsinspector:
    :path: "../node_modules/react-native/ReactCommon/jsinspector"
  React-logger:
    :path: "../node_modules/react-native/ReactCommon/logger"
  React-perflogger:
    :path: "../node_modules/react-native/ReactCommon/reactperflogger"
  React-RCTActionSheet:
    :path: "../node_modules/react-native/Libraries/ActionSheetIOS"
  React-RCTAnimation:
    :path: "../node_modules/react-native/Libraries/NativeAnimation"
  React-RCTBlob:
    :path: "../node_modules/react-native/Libraries/Blob"
  React-RCTImage:
    :path: "../node_modules/react-native/Libraries/Image"
  React-RCTLinking:
    :path: "../node_modules/react-native/Libraries/LinkingIOS"
  React-RCTNetwork:
    :path: "../node_modules/react-native/Libraries/Network"
  React-RCTSettings:
    :path: "../node_modules/react-native/Libraries/Settings"
  React-RCTText:
    :path: "../node_modules/react-native/Libraries/Text"
  React-RCTVibration:
    :path: "../node_modules/react-native/Libraries/Vibration"
  React-runtimeexecutor:
    :path: "../node_modules/react-native/ReactCommon/runtimeexecutor"
  ReactCommon:
    :path: "../node_modules/react-native/ReactCommon"
  Yoga:
    :path: "../node_modules/react-native/ReactCommon/yoga"

SPEC CHECKSUMS:
  boost: a7c83b31436843459a1961bfd74b96033dc77234
  CocoaAsyncSocket: 065fd1e645c7abab64f7a6a2007a48038fdc6a99
  DoubleConversion: 831926d9b8bf8166fd87886c4abab286c2422662
  FBLazyVector: 8b27420234d46fcfbb88da34c09fdacbc1b5c0af
  FBReactNativeSpec: d9e894e188bd6e5f666ed5f616d0f244f64e7aba
  Flipper: 30e8eeeed6abdc98edaf32af0cda2f198be4b733
  Flipper-Boost-iOSX: fd1e2b8cbef7e662a122412d7ac5f5bea715403c
  Flipper-DoubleConversion: 57ffbe81ef95306cc9e69c4aa3aeeeeb58a6a28c
  Flipper-Fmt: 60cbdd92fc254826e61d669a5d87ef7015396a9b
  Flipper-Folly: 83af37379faa69497529e414bd43fbfc7cae259a
  Flipper-Glog: 05579840e2750ec907ee2f81544f41ad76a7cae4
  Flipper-PeerTalk: 116d8f857dc6ef55c7a5a75ea3ceaafe878aadc9
  Flipper-RSocket: d9d9ade67cbecf6ac10730304bf5607266dd2541
  FlipperKit: d8d346844eca5d9120c17d441a2f38596e8ed2b9
  fmt: ff9d55029c625d3757ed641535fd4a75fedc7ce9
  glog: 476ee3e89abb49e07f822b48323c51c57124b572
  libevent: 4049cae6c81cdb3654a443be001fb9bdceff7913
  OpenSSL-Universal: 1aa4f6a6ee7256b83db99ec1ccdaa80d10f9af9b
  RCT-Folly: 803a9cfd78114b2ec0f140cfa6fa2a6bafb2d685
  RCTRequired: 225402ec6084cd1b737e16ce8972f093dee84df6
  RCTTypeSafety: 85ebf8df852de7460df424d2a6b0293baad7382c
  React: b9a2b41ce13e66703e6f3c970c3a7079e2b68c6e
  React-callinvoker: ca57ee2c58fa820c1bda813490ea1055847d65e6
  React-Codegen: 4e3c54343c5db3b17ee70be9020cbb17a38adea3
  React-Core: 9fce11c2f04a666c68a431dfda29a227850787f7
  React-CoreModules: 6b5ec1b884ed0c15baebc1a6bb08ce7336061fac
  React-cxxreact: cc4714ef6712336cf3061b56f92add6c7183e862
  React-jsi: d3aae2a26d644661ba5fe2c8c65b7c4e7657920f
  React-jsiexecutor: a456b0ed4193241e6322c86646223606d4e196e2
  React-jsinspector: 8b8ef212eeda1d9f5d274eaa50c721ddac8a9928
  React-logger: 7adc3fc1169846daba2f9a19cfc88214acffe2cd
  React-perflogger: e82f81b8d481ec8e95915cbbd164ae713d541764
  React-RCTActionSheet: 3b3655e9232fef2bff51faadd1e610b715467f26
  React-RCTAnimation: 8eadacbbd9b372006da88b8e0cfa787ae0b53616
  React-RCTBlob: 810c6e29871935706bfe940b8a40f151ba1c5d2b
  React-RCTImage: 70a4d55bb5291c1b7aa750c12fd22efc05a42aa5
  React-RCTLinking: f9292720caf465570f8557286835e18b4cbb9f20
  React-RCTNetwork: f0431827bd112d5508fa1f6746e32d6ac567c0fc
  React-RCTSettings: c5d79287ae2ee0a3f447d2d477d9f427adb2765e
  React-RCTText: 8c4fd21d35d3d0b449644869c4cabdfafc0305af
  React-RCTVibration: 6a2c72318d837369b7a00a046bc87b0faffc89fa
  React-runtimeexecutor: 5842f42baaa8e56bf642ba8c98ff3f540c2d62ec
  ReactCommon: 2d740f43421655c81295a94f68b3e880978bf733
  Yoga: 5b329f4340701a4aeea671e5b3ca1fe7cdb357fd
  YogaKit: f782866e155069a2cca2517aafea43200b01fd5a

PODFILE CHECKSUM: 2487cb0634cd02f32c5469b4a781d64465303aa0

COCOAPODS: 1.11.2
